// !$*UTF8*$!
{
	archiveVersion = 1;
	classes = {
	};
	objectVersion = 50;
	objects = {

/* Begin PBXBuildFile section */
		A10F7E56225F8B1B008A6EC1 /* QuestionViewController.swift in Sources */ = {isa = PBXBuildFile; fileRef = A10F7E55225F8B1B008A6EC1 /* QuestionViewController.swift */; };
		A10F7E58225F8B3F008A6EC1 /* FinishViewController.swift in Sources */ = {isa = PBXBuildFile; fileRef = A10F7E57225F8B3F008A6EC1 /* FinishViewController.swift */; };
		A10F7E5C225F8B69008A6EC1 /* AddViewController.swift in Sources */ = {isa = PBXBuildFile; fileRef = A10F7E5B225F8B69008A6EC1 /* AddViewController.swift */; };
		A10F7E62225F92AD008A6EC1 /* ListTableViewController.swift in Sources */ = {isa = PBXBuildFile; fileRef = A10F7E61225F92AD008A6EC1 /* ListTableViewController.swift */; };
		A10F7E65225F9DA7008A6EC1 /* UICollectionViewCell.swift in Sources */ = {isa = PBXBuildFile; fileRef = A10F7E63225F9DA7008A6EC1 /* UICollectionViewCell.swift */; };
		A10F7E66225F9DA7008A6EC1 /* UICollectionViewCell.xib in Resources */ = {isa = PBXBuildFile; fileRef = A10F7E64225F9DA7008A6EC1 /* UICollectionViewCell.xib */; };
		A139C44F225F6F2500817793 /* AppDelegate.swift in Sources */ = {isa = PBXBuildFile; fileRef = A139C44E225F6F2500817793 /* AppDelegate.swift */; };
		A139C451225F6F2500817793 /* ViewController.swift in Sources */ = {isa = PBXBuildFile; fileRef = A139C450225F6F2500817793 /* ViewController.swift */; };
		A139C454225F6F2500817793 /* Main.storyboard in Resources */ = {isa = PBXBuildFile; fileRef = A139C452225F6F2500817793 /* Main.storyboard */; };
		A139C456225F6F2800817793 /* Assets.xcassets in Resources */ = {isa = PBXBuildFile; fileRef = A139C455225F6F2800817793 /* Assets.xcassets */; };
		A139C459225F6F2800817793 /* LaunchScreen.storyboard in Resources */ = {isa = PBXBuildFile; fileRef = A139C457225F6F2800817793 /* LaunchScreen.storyboard */; };
		A139C464225F6F2900817793 /* wordListTests.swift in Sources */ = {isa = PBXBuildFile; fileRef = A139C463225F6F2900817793 /* wordListTests.swift */; };
		A139C46F225F6F2900817793 /* wordListUITests.swift in Sources */ = {isa = PBXBuildFile; fileRef = A139C46E225F6F2900817793 /* wordListUITests.swift */; };
		A139C480225F83F600817793 /* word_blank.png in Resources */ = {isa = PBXBuildFile; fileRef = A139C47D225F83F600817793 /* word_blank.png */; };
		A139C481225F83F600817793 /* fin.png in Resources */ = {isa = PBXBuildFile; fileRef = A139C47E225F83F600817793 /* fin.png */; };
		A139C482225F83F600817793 /* title_logo.png in Resources */ = {isa = PBXBuildFile; fileRef = A139C47F225F83F600817793 /* title_logo.png */; };
/* End PBXBuildFile section */

/* Begin PBXContainerItemProxy section */
		A139C460225F6F2900817793 /* PBXContainerItemProxy */ = {
			isa = PBXContainerItemProxy;
			containerPortal = A139C443225F6F2500817793 /* Project object */;
			proxyType = 1;
			remoteGlobalIDString = A139C44A225F6F2500817793;
			remoteInfo = wordList;
		};
		A139C46B225F6F2900817793 /* PBXContainerItemProxy */ = {
			isa = PBXContainerItemProxy;
			containerPortal = A139C443225F6F2500817793 /* Project object */;
			proxyType = 1;
			remoteGlobalIDString = A139C44A225F6F2500817793;
			remoteInfo = wordList;
		};
/* End PBXContainerItemProxy section */

/* Begin PBXFileReference section */
		A10F7E55225F8B1B008A6EC1 /* QuestionViewController.swift */ = {isa = PBXFileReference; lastKnownFileType = sourcecode.swift; path = QuestionViewController.swift; sourceTree = "<group>"; };
		A10F7E57225F8B3F008A6EC1 /* FinishViewController.swift */ = {isa = PBXFileReference; lastKnownFileType = sourcecode.swift; path = FinishViewController.swift; sourceTree = "<group>"; };
		A10F7E5B225F8B69008A6EC1 /* AddViewController.swift */ = {isa = PBXFileReference; lastKnownFileType = sourcecode.swift; path = AddViewController.swift; sourceTree = "<group>"; };
		A10F7E61225F92AD008A6EC1 /* ListTableViewController.swift */ = {isa = PBXFileReference; lastKnownFileType = sourcecode.swift; path = ListTableViewController.swift; sourceTree = "<group>"; };
		A10F7E63225F9DA7008A6EC1 /* UICollectionViewCell.swift */ = {isa = PBXFileReference; lastKnownFileType = sourcecode.swift; path = UICollectionViewCell.swift; sourceTree = "<group>"; };
		A10F7E64225F9DA7008A6EC1 /* UICollectionViewCell.xib */ = {isa = PBXFileReference; lastKnownFileType = file.xib; path = UICollectionViewCell.xib; sourceTree = "<group>"; };
		A139C44B225F6F2500817793 /* wordList.app */ = {isa = PBXFileReference; explicitFileType = wrapper.application; includeInIndex = 0; path = wordList.app; sourceTree = BUILT_PRODUCTS_DIR; };
		A139C44E225F6F2500817793 /* AppDelegate.swift */ = {isa = PBXFileReference; lastKnownFileType = sourcecode.swift; path = AppDelegate.swift; sourceTree = "<group>"; };
		A139C450225F6F2500817793 /* ViewController.swift */ = {isa = PBXFileReference; lastKnownFileType = sourcecode.swift; path = ViewController.swift; sourceTree = "<group>"; };
		A139C453225F6F2500817793 /* Base */ = {isa = PBXFileReference; lastKnownFileType = file.storyboard; name = Base; path = Base.lproj/Main.storyboard; sourceTree = "<group>"; };
		A139C455225F6F2800817793 /* Assets.xcassets */ = {isa = PBXFileReference; lastKnownFileType = folder.assetcatalog; path = Assets.xcassets; sourceTree = "<group>"; };
		A139C458225F6F2800817793 /* Base */ = {isa = PBXFileReference; lastKnownFileType = file.storyboard; name = Base; path = Base.lproj/LaunchScreen.storyboard; sourceTree = "<group>"; };
		A139C45A225F6F2800817793 /* Info.plist */ = {isa = PBXFileReference; lastKnownFileType = text.plist.xml; path = Info.plist; sourceTree = "<group>"; };
		A139C45F225F6F2900817793 /* wordListTests.xctest */ = {isa = PBXFileReference; explicitFileType = wrapper.cfbundle; includeInIndex = 0; path = wordListTests.xctest; sourceTree = BUILT_PRODUCTS_DIR; };
		A139C463225F6F2900817793 /* wordListTests.swift */ = {isa = PBXFileReference; lastKnownFileType = sourcecode.swift; path = wordListTests.swift; sourceTree = "<group>"; };
		A139C465225F6F2900817793 /* Info.plist */ = {isa = PBXFileReference; lastKnownFileType = text.plist.xml; path = Info.plist; sourceTree = "<group>"; };
		A139C46A225F6F2900817793 /* wordListUITests.xctest */ = {isa = PBXFileReference; explicitFileType = wrapper.cfbundle; includeInIndex = 0; path = wordListUITests.xctest; sourceTree = BUILT_PRODUCTS_DIR; };
		A139C46E225F6F2900817793 /* wordListUITests.swift */ = {isa = PBXFileReference; lastKnownFileType = sourcecode.swift; path = wordListUITests.swift; sourceTree = "<group>"; };
		A139C470225F6F2900817793 /* Info.plist */ = {isa = PBXFileReference; lastKnownFileType = text.plist.xml; path = Info.plist; sourceTree = "<group>"; };
		A139C47D225F83F600817793 /* word_blank.png */ = {isa = PBXFileReference; lastKnownFileType = image.png; path = word_blank.png; sourceTree = "<group>"; };
		A139C47E225F83F600817793 /* fin.png */ = {isa = PBXFileReference; lastKnownFileType = image.png; path = fin.png; sourceTree = "<group>"; };
		A139C47F225F83F600817793 /* title_logo.png */ = {isa = PBXFileReference; lastKnownFileType = image.png; path = title_logo.png; sourceTree = "<group>"; };
/* End PBXFileReference section */

/* Begin PBXFrameworksBuildPhase section */
		A139C448225F6F2500817793 /* Frameworks */ = {
			isa = PBXFrameworksBuildPhase;
			buildActionMask = 2147483647;
			files = (
			);
			runOnlyForDeploymentPostprocessing = 0;
		};
		A139C45C225F6F2900817793 /* Frameworks */ = {
			isa = PBXFrameworksBuildPhase;
			buildActionMask = 2147483647;
			files = (
			);
			runOnlyForDeploymentPostprocessing = 0;
		};
		A139C467225F6F2900817793 /* Frameworks */ = {
			isa = PBXFrameworksBuildPhase;
			buildActionMask = 2147483647;
			files = (
			);
			runOnlyForDeploymentPostprocessing = 0;
		};
/* End PBXFrameworksBuildPhase section */

/* Begin PBXGroup section */
		A139C442225F6F2500817793 = {
			isa = PBXGroup;
			children = (
				A139C44D225F6F2500817793 /* wordList */,
				A139C462225F6F2900817793 /* wordListTests */,
				A139C46D225F6F2900817793 /* wordListUITests */,
				A139C44C225F6F2500817793 /* Products */,
			);
			sourceTree = "<group>";
		};
		A139C44C225F6F2500817793 /* Products */ = {
			isa = PBXGroup;
			children = (
				A139C44B225F6F2500817793 /* wordList.app */,
				A139C45F225F6F2900817793 /* wordListTests.xctest */,
				A139C46A225F6F2900817793 /* wordListUITests.xctest */,
			);
			name = Products;
			sourceTree = "<group>";
		};
		A139C44D225F6F2500817793 /* wordList */ = {
			isa = PBXGroup;
			children = (
				A139C44E225F6F2500817793 /* AppDelegate.swift */,
				A139C450225F6F2500817793 /* ViewController.swift */,
				A10F7E55225F8B1B008A6EC1 /* QuestionViewController.swift */,
				A10F7E57225F8B3F008A6EC1 /* FinishViewController.swift */,
				A10F7E5B225F8B69008A6EC1 /* AddViewController.swift */,
				A10F7E61225F92AD008A6EC1 /* ListTableViewController.swift */,
				A10F7E63225F9DA7008A6EC1 /* UICollectionViewCell.swift */,
				A10F7E64225F9DA7008A6EC1 /* UICollectionViewCell.xib */,
				A139C452225F6F2500817793 /* Main.storyboard */,
				A139C455225F6F2800817793 /* Assets.xcassets */,
				A139C457225F6F2800817793 /* LaunchScreen.storyboard */,
				A139C45A225F6F2800817793 /* Info.plist */,
				A139C47C225F83F600817793 /* WordList素材 */,
			);
			path = wordList;
			sourceTree = "<group>";
		};
		A139C462225F6F2900817793 /* wordListTests */ = {
			isa = PBXGroup;
			children = (
				A139C463225F6F2900817793 /* wordListTests.swift */,
				A139C465225F6F2900817793 /* Info.plist */,
			);
			path = wordListTests;
			sourceTree = "<group>";
		};
		A139C46D225F6F2900817793 /* wordListUITests */ = {
			isa = PBXGroup;
			children = (
				A139C46E225F6F2900817793 /* wordListUITests.swift */,
				A139C470225F6F2900817793 /* Info.plist */,
			);
			path = wordListUITests;
			sourceTree = "<group>";
		};
		A139C47C225F83F600817793 /* WordList素材 */ = {
			isa = PBXGroup;
			children = (
				A139C47D225F83F600817793 /* word_blank.png */,
				A139C47E225F83F600817793 /* fin.png */,
				A139C47F225F83F600817793 /* title_logo.png */,
			);
			path = "WordList素材";
			sourceTree = "<group>";
		};
/* End PBXGroup section */

/* Begin PBXNativeTarget section */
		A139C44A225F6F2500817793 /* wordList */ = {
			isa = PBXNativeTarget;
			buildConfigurationList = A139C473225F6F2900817793 /* Build configuration list for PBXNativeTarget "wordList" */;
			buildPhases = (
				A139C447225F6F2500817793 /* Sources */,
				A139C448225F6F2500817793 /* Frameworks */,
				A139C449225F6F2500817793 /* Resources */,
			);
			buildRules = (
			);
			dependencies = (
			);
			name = wordList;
			productName = wordList;
			productReference = A139C44B225F6F2500817793 /* wordList.app */;
			productType = "com.apple.product-type.application";
		};
		A139C45E225F6F2900817793 /* wordListTests */ = {
			isa = PBXNativeTarget;
			buildConfigurationList = A139C476225F6F2900817793 /* Build configuration list for PBXNativeTarget "wordListTests" */;
			buildPhases = (
				A139C45B225F6F2900817793 /* Sources */,
				A139C45C225F6F2900817793 /* Frameworks */,
				A139C45D225F6F2900817793 /* Resources */,
			);
			buildRules = (
			);
			dependencies = (
				A139C461225F6F2900817793 /* PBXTargetDependency */,
			);
			name = wordListTests;
			productName = wordListTests;
			productReference = A139C45F225F6F2900817793 /* wordListTests.xctest */;
			productType = "com.apple.product-type.bundle.unit-test";
		};
		A139C469225F6F2900817793 /* wordListUITests */ = {
			isa = PBXNativeTarget;
			buildConfigurationList = A139C479225F6F2900817793 /* Build configuration list for PBXNativeTarget "wordListUITests" */;
			buildPhases = (
				A139C466225F6F2900817793 /* Sources */,
				A139C467225F6F2900817793 /* Frameworks */,
				A139C468225F6F2900817793 /* Resources */,
			);
			buildRules = (
			);
			dependencies = (
				A139C46C225F6F2900817793 /* PBXTargetDependency */,
			);
			name = wordListUITests;
			productName = wordListUITests;
			productReference = A139C46A225F6F2900817793 /* wordListUITests.xctest */;
			productType = "com.apple.product-type.bundle.ui-testing";
		};
/* End PBXNativeTarget section */

/* Begin PBXProject section */
		A139C443225F6F2500817793 /* Project object */ = {
			isa = PBXProject;
			attributes = {
				LastSwiftUpdateCheck = 1010;
				LastUpgradeCheck = 1010;
				ORGANIZATIONNAME = "野崎絵未里";
				TargetAttributes = {
					A139C44A225F6F2500817793 = {
						CreatedOnToolsVersion = 10.1;
					};
					A139C45E225F6F2900817793 = {
						CreatedOnToolsVersion = 10.1;
						TestTargetID = A139C44A225F6F2500817793;
					};
					A139C469225F6F2900817793 = {
						CreatedOnToolsVersion = 10.1;
						TestTargetID = A139C44A225F6F2500817793;
					};
				};
			};
			buildConfigurationList = A139C446225F6F2500817793 /* Build configuration list for PBXProject "wordList" */;
			compatibilityVersion = "Xcode 9.3";
			developmentRegion = en;
			hasScannedForEncodings = 0;
			knownRegions = (
				en,
				Base,
			);
			mainGroup = A139C442225F6F2500817793;
			productRefGroup = A139C44C225F6F2500817793 /* Products */;
			projectDirPath = "";
			projectRoot = "";
			targets = (
				A139C44A225F6F2500817793 /* wordList */,
				A139C45E225F6F2900817793 /* wordListTests */,
				A139C469225F6F2900817793 /* wordListUITests */,
			);
		};
/* End PBXProject section */

/* Begin PBXResourcesBuildPhase section */
		A139C449225F6F2500817793 /* Resources */ = {
			isa = PBXResourcesBuildPhase;
			buildActionMask = 2147483647;
			files = (
				A139C480225F83F600817793 /* word_blank.png in Resources */,
				A10F7E66225F9DA7008A6EC1 /* UICollectionViewCell.xib in Resources */,
				A139C482225F83F600817793 /* title_logo.png in Resources */,
				A139C459225F6F2800817793 /* LaunchScreen.storyboard in Resources */,
				A139C456225F6F2800817793 /* Assets.xcassets in Resources */,
				A139C481225F83F600817793 /* fin.png in Resources */,
				A139C454225F6F2500817793 /* Main.storyboard in Resources */,
			);
			runOnlyForDeploymentPostprocessing = 0;
		};
		A139C45D225F6F2900817793 /* Resources */ = {
			isa = PBXResourcesBuildPhase;
			buildActionMask = 2147483647;
			files = (
			);
			runOnlyForDeploymentPostprocessing = 0;
		};
		A139C468225F6F2900817793 /* Resources */ = {
			isa = PBXResourcesBuildPhase;
			buildActionMask = 2147483647;
			files = (
			);
			runOnlyForDeploymentPostprocessing = 0;
		};
/* End PBXResourcesBuildPhase section */

/* Begin PBXSourcesBuildPhase section */
		A139C447225F6F2500817793 /* Sources */ = {
			isa = PBXSourcesBuildPhase;
			buildActionMask = 2147483647;
			files = (
				A139C451225F6F2500817793 /* ViewController.swift in Sources */,
				A10F7E58225F8B3F008A6EC1 /* FinishViewController.swift in Sources */,
				A10F7E5C225F8B69008A6EC1 /* AddViewController.swift in Sources */,
				A10F7E65225F9DA7008A6EC1 /* UICollectionViewCell.swift in Sources */,
				A10F7E62225F92AD008A6EC1 /* ListTableViewController.swift in Sources */,
				A139C44F225F6F2500817793 /* AppDelegate.swift in Sources */,
				A10F7E56225F8B1B008A6EC1 /* QuestionViewController.swift in Sources */,
			);
			runOnlyForDeploymentPostprocessing = 0;
		};
		A139C45B225F6F2900817793 /* Sources */ = {
			isa = PBXSourcesBuildPhase;
			buildActionMask = 2147483647;
			files = (
				A139C464225F6F2900817793 /* wordListTests.swift in Sources */,
			);
			runOnlyForDeploymentPostprocessing = 0;
		};
		A139C466225F6F2900817793 /* Sources */ = {
			isa = PBXSourcesBuildPhase;
			buildActionMask = 2147483647;
			files = (
				A139C46F225F6F2900817793 /* wordListUITests.swift in Sources */,
			);
			runOnlyForDeploymentPostprocessing = 0;
		};
/* End PBXSourcesBuildPhase section */

/* Begin PBXTargetDependency section */
		A139C461225F6F2900817793 /* PBXTargetDependency */ = {
			isa = PBXTargetDependency;
			target = A139C44A225F6F2500817793 /* wordList */;
			targetProxy = A139C460225F6F2900817793 /* PBXContainerItemProxy */;
		};
		A139C46C225F6F2900817793 /* PBXTargetDependency */ = {
			isa = PBXTargetDependency;
			target = A139C44A225F6F2500817793 /* wordList */;
			targetProxy = A139C46B225F6F2900817793 /* PBXContainerItemProxy */;
		};
/* End PBXTargetDependency section */

/* Begin PBXVariantGroup section */
		A139C452225F6F2500817793 /* Main.storyboard */ = {
			isa = PBXVariantGroup;
			children = (
				A139C453225F6F2500817793 /* Base */,
			);
			name = Main.storyboard;
			sourceTree = "<group>";
		};
		A139C457225F6F2800817793 /* LaunchScreen.storyboard */ = {
			isa = PBXVariantGroup;
			children = (
				A139C458225F6F2800817793 /* Base */,
			);
			name = LaunchScreen.storyboard;
			sourceTree = "<group>";
		};
/* End PBXVariantGroup section */

/* Begin XCBuildConfiguration section */
		A139C471225F6F2900817793 /* Debug */ = {
			isa = XCBuildConfiguration;
			buildSettings = {
				ALWAYS_SEARCH_USER_PATHS = NO;
				CLANG_ANALYZER_NONNULL = YES;
				CLANG_ANALYZER_NUMBER_OBJECT_CONVERSION = YES_AGGRESSIVE;
				CLANG_CXX_LANGUAGE_STANDARD = "gnu++14";
				CLANG_CXX_LIBRARY = "libc++";
				CLANG_ENABLE_MODULES = YES;
				CLANG_ENABLE_OBJC_ARC = YES;
				CLANG_ENABLE_OBJC_WEAK = YES;
				CLANG_WARN_BLOCK_CAPTURE_AUTORELEASING = YES;
				CLANG_WARN_BOOL_CONVERSION = YES;
				CLANG_WARN_COMMA = YES;
				CLANG_WARN_CONSTANT_CONVERSION = YES;
				CLANG_WARN_DEPRECATED_OBJC_IMPLEMENTATIONS = YES;
				CLANG_WARN_DIRECT_OBJC_ISA_USAGE = YES_ERROR;
				CLANG_WARN_DOCUMENTATION_COMMENTS = YES;
				CLANG_WARN_EMPTY_BODY = YES;
				CLANG_WARN_ENUM_CONVERSION = YES;
				CLANG_WARN_INFINITE_RECURSION = YES;
				CLANG_WARN_INT_CONVERSION = YES;
				CLANG_WARN_NON_LITERAL_NULL_CONVERSION = YES;
				CLANG_WARN_OBJC_IMPLICIT_RETAIN_SELF = YES;
				CLANG_WARN_OBJC_LITERAL_CONVERSION = YES;
				CLANG_WARN_OBJC_ROOT_CLASS = YES_ERROR;
				CLANG_WARN_RANGE_LOOP_ANALYSIS = YES;
				CLANG_WARN_STRICT_PROTOTYPES = YES;
				CLANG_WARN_SUSPICIOUS_MOVE = YES;
				CLANG_WARN_UNGUARDED_AVAILABILITY = YES_AGGRESSIVE;
				CLANG_WARN_UNREACHABLE_CODE = YES;
				CLANG_WARN__DUPLICATE_METHOD_MATCH = YES;
				CODE_SIGN_IDENTITY = "iPhone Developer";
				COPY_PHASE_STRIP = NO;
				DEBUG_INFORMATION_FORMAT = dwarf;
				ENABLE_STRICT_OBJC_MSGSEND = YES;
				ENABLE_TESTABILITY = YES;
				GCC_C_LANGUAGE_STANDARD = gnu11;
				GCC_DYNAMIC_NO_PIC = NO;
				GCC_NO_COMMON_BLOCKS = YES;
				GCC_OPTIMIZATION_LEVEL = 0;
				GCC_PREPROCESSOR_DEFINITIONS = (
					"DEBUG=1",
					"$(inherited)",
				);
				GCC_WARN_64_TO_32_BIT_CONVERSION = YES;
				GCC_WARN_ABOUT_RETURN_TYPE = YES_ERROR;
				GCC_WARN_UNDECLARED_SELECTOR = YES;
				GCC_WARN_UNINITIALIZED_AUTOS = YES_AGGRESSIVE;
				GCC_WARN_UNUSED_FUNCTION = YES;
				GCC_WARN_UNUSED_VARIABLE = YES;
				IPHONEOS_DEPLOYMENT_TARGET = 12.1;
				MTL_ENABLE_DEBUG_INFO = INCLUDE_SOURCE;
				MTL_FAST_MATH = YES;
				ONLY_ACTIVE_ARCH = YES;
				SDKROOT = iphoneos;
				SWIFT_ACTIVE_COMPILATION_CONDITIONS = DEBUG;
				SWIFT_OPTIMIZATION_LEVEL = "-Onone";
			};
			name = Debug;
		};
		A139C472225F6F2900817793 /* Release */ = {
			isa = XCBuildConfiguration;
			buildSettings = {
				ALWAYS_SEARCH_USER_PATHS = NO;
				CLANG_ANALYZER_NONNULL = YES;
				CLANG_ANALYZER_NUMBER_OBJECT_CONVERSION = YES_AGGRESSIVE;
				CLANG_CXX_LANGUAGE_STANDARD = "gnu++14";
				CLANG_CXX_LIBRARY = "libc++";
				CLANG_ENABLE_MODULES = YES;
				CLANG_ENABLE_OBJC_ARC = YES;
				CLANG_ENABLE_OBJC_WEAK = YES;
				CLANG_WARN_BLOCK_CAPTURE_AUTORELEASING = YES;
				CLANG_WARN_BOOL_CONVERSION = YES;
				CLANG_WARN_COMMA = YES;
				CLANG_WARN_CONSTANT_CONVERSION = YES;
				CLANG_WARN_DEPRECATED_OBJC_IMPLEMENTATIONS = YES;
				CLANG_WARN_DIRECT_OBJC_ISA_USAGE = YES_ERROR;
				CLANG_WARN_DOCUMENTATION_COMMENTS = YES;
				CLANG_WARN_EMPTY_BODY = YES;
				CLANG_WARN_ENUM_CONVERSION = YES;
				CLANG_WARN_INFINITE_RECURSION = YES;
				CLANG_WARN_INT_CONVERSION = YES;
				CLANG_WARN_NON_LITERAL_NULL_CONVERSION = YES;
				CLANG_WARN_OBJC_IMPLICIT_RETAIN_SELF = YES;
				CLANG_WARN_OBJC_LITERAL_CONVERSION = YES;
				CLANG_WARN_OBJC_ROOT_CLASS = YES_ERROR;
				CLANG_WARN_RANGE_LOOP_ANALYSIS = YES;
				CLANG_WARN_STRICT_PROTOTYPES = YES;
				CLANG_WARN_SUSPICIOUS_MOVE = YES;
				CLANG_WARN_UNGUARDED_AVAILABILITY = YES_AGGRESSIVE;
				CLANG_WARN_UNREACHABLE_CODE = YES;
				CLANG_WARN__DUPLICATE_METHOD_MATCH = YES;
				CODE_SIGN_IDENTITY = "iPhone Developer";
				COPY_PHASE_STRIP = NO;
				DEBUG_INFORMATION_FORMAT = "dwarf-with-dsym";
				ENABLE_NS_ASSERTIONS = NO;
				ENABLE_STRICT_OBJC_MSGSEND = YES;
				GCC_C_LANGUAGE_STANDARD = gnu11;
				GCC_NO_COMMON_BLOCKS = YES;
				GCC_WARN_64_TO_32_BIT_CONVERSION = YES;
				GCC_WARN_ABOUT_RETURN_TYPE = YES_ERROR;
				GCC_WARN_UNDECLARED_SELECTOR = YES;
				GCC_WARN_UNINITIALIZED_AUTOS = YES_AGGRESSIVE;
				GCC_WARN_UNUSED_FUNCTION = YES;
				GCC_WARN_UNUSED_VARIABLE = YES;
				IPHONEOS_DEPLOYMENT_TARGET = 12.1;
				MTL_ENABLE_DEBUG_INFO = NO;
				MTL_FAST_MATH = YES;
				SDKROOT = iphoneos;
				SWIFT_COMPILATION_MODE = wholemodule;
				SWIFT_OPTIMIZATION_LEVEL = "-O";
				VALIDATE_PRODUCT = YES;
			};
			name = Release;
		};
		A139C474225F6F2900817793 /* Debug */ = {
			isa = XCBuildConfiguration;
			buildSettings = {
				ASSETCATALOG_COMPILER_APPICON_NAME = AppIcon;
				CODE_SIGN_STYLE = Automatic;
				DEVELOPMENT_TEAM = 743J7J89D4;
				INFOPLIST_FILE = wordList/Info.plist;
				LD_RUNPATH_SEARCH_PATHS = (
					"$(inherited)",
					"@executable_path/Frameworks",
				);
				PRODUCT_BUNDLE_IDENTIFIER = Emily.wordList;
				PRODUCT_NAME = "$(TARGET_NAME)";
				SWIFT_VERSION = 4.2;
				TARGETED_DEVICE_FAMILY = "1,2";
			};
			name = Debug;
		};
		A139C475225F6F2900817793 /* Release */ = {
			isa = XCBuildConfiguration;
			buildSettings = {
				ASSETCATALOG_COMPILER_APPICON_NAME = AppIcon;
				CODE_SIGN_STYLE = Automatic;
				DEVELOPMENT_TEAM = 743J7J89D4;
				INFOPLIST_FILE = wordList/Info.plist;
				LD_RUNPATH_SEARCH_PATHS = (
					"$(inherited)",
					"@executable_path/Frameworks",
				);
				PRODUCT_BUNDLE_IDENTIFIER = Emily.wordList;
				PRODUCT_NAME = "$(TARGET_NAME)";
				SWIFT_VERSION = 4.2;
				TARGETED_DEVICE_FAMILY = "1,2";
			};
			name = Release;
		};
		A139C477225F6F2900817793 /* Debug */ = {
			isa = XCBuildConfiguration;
			buildSettings = {
				ALWAYS_EMBED_SWIFT_STANDARD_LIBRARIES = YES;
				BUNDLE_LOADER = "$(TEST_HOST)";
				CODE_SIGN_STYLE = Automatic;
				INFOPLIST_FILE = wordListTests/Info.plist;
				LD_RUNPATH_SEARCH_PATHS = (
					"$(inherited)",
					"@executable_path/Frameworks",
					"@loader_path/Frameworks",
				);
				PRODUCT_BUNDLE_IDENTIFIER = Emily.wordListTests;
				PRODUCT_NAME = "$(TARGET_NAME)";
				SWIFT_VERSION = 4.2;
				TARGETED_DEVICE_FAMILY = "1,2";
				TEST_HOST = "$(BUILT_PRODUCTS_DIR)/wordList.app/wordList";
			};
			name = Debug;
		};
		A139C478225F6F2900817793 /* Release */ = {
			isa = XCBuildConfiguration;
			buildSettings = {
				ALWAYS_EMBED_SWIFT_STANDARD_LIBRARIES = YES;
				BUNDLE_LOADER = "$(TEST_HOST)";
				CODE_SIGN_STYLE = Automatic;
				INFOPLIST_FILE = wordListTests/Info.plist;
				LD_RUNPATH_SEARCH_PATHS = (
					"$(inherited)",
					"@executable_path/Frameworks",
					"@loader_path/Frameworks",
				);
				PRODUCT_BUNDLE_IDENTIFIER = Emily.wordListTests;
				PRODUCT_NAME = "$(TARGET_NAME)";
				SWIFT_VERSION = 4.2;
				TARGETED_DEVICE_FAMILY = "1,2";
				TEST_HOST = "$(BUILT_PRODUCTS_DIR)/wordList.app/wordList";
			};
			name = Release;
		};
		A139C47A225F6F2900817793 /* Debug */ = {
			isa = XCBuildConfiguration;
			buildSettings = {
				ALWAYS_EMBED_SWIFT_STANDARD_LIBRARIES = YES;
				CODE_SIGN_STYLE = Automatic;
				INFOPLIST_FILE = wordListUITests/Info.plist;
				LD_RUNPATH_SEARCH_PATHS = (
					"$(inherited)",
					"@executable_path/Frameworks",
					"@loader_path/Frameworks",
				);
				PRODUCT_BUNDLE_IDENTIFIER = Emily.wordListUITests;
				PRODUCT_NAME = "$(TARGET_NAME)";
				SWIFT_VERSION = 4.2;
				TARGETED_DEVICE_FAMILY = "1,2";
				TEST_TARGET_NAME = wordList;
			};
			name = Debug;
		};
		A139C47B225F6F2900817793 /* Release */ = {
			isa = XCBuildConfiguration;
			buildSettings = {
				ALWAYS_EMBED_SWIFT_STANDARD_LIBRARIES = YES;
				CODE_SIGN_STYLE = Automatic;
				INFOPLIST_FILE = wordListUITests/Info.plist;
				LD_RUNPATH_SEARCH_PATHS = (
					"$(inherited)",
					"@executable_path/Frameworks",
					"@loader_path/Frameworks",
				);
				PRODUCT_BUNDLE_IDENTIFIER = Emily.wordListUITests;
				PRODUCT_NAME = "$(TARGET_NAME)";
				SWIFT_VERSION = 4.2;
				TARGETED_DEVICE_FAMILY = "1,2";
				TEST_TARGET_NAME = wordList;
			};
			name = Release;
		};
/* End XCBuildConfiguration section */

/* Begin XCConfigurationList section */
		A139C446225F6F2500817793 /* Build configuration list for PBXProject "wordList" */ = {
			isa = XCConfigurationList;
			buildConfigurations = (
				A139C471225F6F2900817793 /* Debug */,
				A139C472225F6F2900817793 /* Release */,
			);
			defaultConfigurationIsVisible = 0;
			defaultConfigurationName = Release;
		};
		A139C473225F6F2900817793 /* Build configuration list for PBXNativeTarget "wordList" */ = {
			isa = XCConfigurationList;
			buildConfigurations = (
				A139C474225F6F2900817793 /* Debug */,
				A139C475225F6F2900817793 /* Release */,
			);
			defaultConfigurationIsVisible = 0;
			defaultConfigurationName = Release;
		};
		A139C476225F6F2900817793 /* Build configuration list for PBXNativeTarget "wordListTests" */ = {
			isa = XCConfigurationList;
			buildConfigurations = (
				A139C477225F6F2900817793 /* Debug */,
				A139C478225F6F2900817793 /* Release */,
			);
			defaultConfigurationIsVisible = 0;
			defaultConfigurationName = Release;
		};
		A139C479225F6F2900817793 /* Build configuration list for PBXNativeTarget "wordListUITests" */ = {
			isa = XCConfigurationList;
			buildConfigurations = (
				A139C47A225F6F2900817793 /* Debug */,
				A139C47B225F6F2900817793 /* Release */,
			);
			defaultConfigurationIsVisible = 0;
			defaultConfigurationName = Release;
		};
/* End XCConfigurationList section */
	};
	rootObject = A139C443225F6F2500817793 /* Project object */;
}
